// !$*UTF8*$!
{
	archiveVersion = 1;
	classes = {
	};
	objectVersion = 46;
	objects = {

/* Begin PBXBuildFile section */
		AF2086401E44227200C99D0D /* GeoFire.m in Sources */ = {isa = PBXBuildFile; fileRef = AF2086371E44227200C99D0D /* GeoFire.m */; };
		AF2086411E44227200C99D0D /* GFBase32Utils.m in Sources */ = {isa = PBXBuildFile; fileRef = AF2086391E44227200C99D0D /* GFBase32Utils.m */; };
		AF2086421E44227200C99D0D /* GFGeoHash.m in Sources */ = {isa = PBXBuildFile; fileRef = AF20863B1E44227200C99D0D /* GFGeoHash.m */; };
		AF2086431E44227200C99D0D /* GFGeoHashQuery.m in Sources */ = {isa = PBXBuildFile; fileRef = AF20863D1E44227200C99D0D /* GFGeoHashQuery.m */; };
		AF2086441E44227200C99D0D /* GFQuery.m in Sources */ = {isa = PBXBuildFile; fileRef = AF20863F1E44227200C99D0D /* GFQuery.m */; };
		AF20864A1E4425DE00C99D0D /* GoogleService-Info.plist in Resources */ = {isa = PBXBuildFile; fileRef = AF2086491E4425DD00C99D0D /* GoogleService-Info.plist */; };
		AF20864E1E44281F00C99D0D /* PokeAnnotation.swift in Sources */ = {isa = PBXBuildFile; fileRef = AF20864D1E44281F00C99D0D /* PokeAnnotation.swift */; };
		AF2BE6231E283C7800D42A81 /* AppDelegate.swift in Sources */ = {isa = PBXBuildFile; fileRef = AF2BE6221E283C7800D42A81 /* AppDelegate.swift */; };
		AF2BE6251E283C7800D42A81 /* ViewController.swift in Sources */ = {isa = PBXBuildFile; fileRef = AF2BE6241E283C7800D42A81 /* ViewController.swift */; };
		AF2BE6281E283C7800D42A81 /* Main.storyboard in Resources */ = {isa = PBXBuildFile; fileRef = AF2BE6261E283C7800D42A81 /* Main.storyboard */; };
		AF2BE62A1E283C7800D42A81 /* Assets.xcassets in Resources */ = {isa = PBXBuildFile; fileRef = AF2BE6291E283C7800D42A81 /* Assets.xcassets */; };
		AF2BE62D1E283C7800D42A81 /* LaunchScreen.storyboard in Resources */ = {isa = PBXBuildFile; fileRef = AF2BE62B1E283C7800D42A81 /* LaunchScreen.storyboard */; };
		B1823E037AB5C2FB933FBB88 /* Pods_PokeFinder.framework in Frameworks */ = {isa = PBXBuildFile; fileRef = E83CE00DC12E7DFAC2A77F67 /* Pods_PokeFinder.framework */; };
/* End PBXBuildFile section */

/* Begin PBXFileReference section */
		0136051C2604876905743CE2 /* Pods-PokeFinder.debug.xcconfig */ = {isa = PBXFileReference; includeInIndex = 1; lastKnownFileType = text.xcconfig; name = "Pods-PokeFinder.debug.xcconfig"; path = "Pods/Target Support Files/Pods-PokeFinder/Pods-PokeFinder.debug.xcconfig"; sourceTree = "<group>"; };
		491D1E3F6AA5135423044A9B /* Pods-PokeFinder.release.xcconfig */ = {isa = PBXFileReference; includeInIndex = 1; lastKnownFileType = text.xcconfig; name = "Pods-PokeFinder.release.xcconfig"; path = "Pods/Target Support Files/Pods-PokeFinder/Pods-PokeFinder.release.xcconfig"; sourceTree = "<group>"; };
		AF2086301E44227200C99D0D /* GeoFire.h */ = {isa = PBXFileReference; fileEncoding = 4; lastKnownFileType = sourcecode.c.h; path = GeoFire.h; sourceTree = "<group>"; };
		AF2086311E44227200C99D0D /* GFCircleQuery.h */ = {isa = PBXFileReference; fileEncoding = 4; lastKnownFileType = sourcecode.c.h; path = GFCircleQuery.h; sourceTree = "<group>"; };
		AF2086321E44227200C99D0D /* GFQuery.h */ = {isa = PBXFileReference; fileEncoding = 4; lastKnownFileType = sourcecode.c.h; path = GFQuery.h; sourceTree = "<group>"; };
		AF2086331E44227200C99D0D /* GFRegionQuery.h */ = {isa = PBXFileReference; fileEncoding = 4; lastKnownFileType = sourcecode.c.h; path = GFRegionQuery.h; sourceTree = "<group>"; };
		AF2086341E44227200C99D0D /* GeoFire-Prefix.pch */ = {isa = PBXFileReference; fileEncoding = 4; lastKnownFileType = sourcecode.c.h; path = "GeoFire-Prefix.pch"; sourceTree = "<group>"; };
		AF2086361E44227200C99D0D /* GeoFire+Private.h */ = {isa = PBXFileReference; fileEncoding = 4; lastKnownFileType = sourcecode.c.h; path = "GeoFire+Private.h"; sourceTree = "<group>"; };
		AF2086371E44227200C99D0D /* GeoFire.m */ = {isa = PBXFileReference; fileEncoding = 4; lastKnownFileType = sourcecode.c.objc; path = GeoFire.m; sourceTree = "<group>"; };
		AF2086381E44227200C99D0D /* GFBase32Utils.h */ = {isa = PBXFileReference; fileEncoding = 4; lastKnownFileType = sourcecode.c.h; path = GFBase32Utils.h; sourceTree = "<group>"; };
		AF2086391E44227200C99D0D /* GFBase32Utils.m */ = {isa = PBXFileReference; fileEncoding = 4; lastKnownFileType = sourcecode.c.objc; path = GFBase32Utils.m; sourceTree = "<group>"; };
		AF20863A1E44227200C99D0D /* GFGeoHash.h */ = {isa = PBXFileReference; fileEncoding = 4; lastKnownFileType = sourcecode.c.h; path = GFGeoHash.h; sourceTree = "<group>"; };
		AF20863B1E44227200C99D0D /* GFGeoHash.m */ = {isa = PBXFileReference; fileEncoding = 4; lastKnownFileType = sourcecode.c.objc; path = GFGeoHash.m; sourceTree = "<group>"; };
		AF20863C1E44227200C99D0D /* GFGeoHashQuery.h */ = {isa = PBXFileReference; fileEncoding = 4; lastKnownFileType = sourcecode.c.h; path = GFGeoHashQuery.h; sourceTree = "<group>"; };
		AF20863D1E44227200C99D0D /* GFGeoHashQuery.m */ = {isa = PBXFileReference; fileEncoding = 4; lastKnownFileType = sourcecode.c.objc; path = GFGeoHashQuery.m; sourceTree = "<group>"; };
		AF20863E1E44227200C99D0D /* GFQuery+Private.h */ = {isa = PBXFileReference; fileEncoding = 4; lastKnownFileType = sourcecode.c.h; path = "GFQuery+Private.h"; sourceTree = "<group>"; };
		AF20863F1E44227200C99D0D /* GFQuery.m */ = {isa = PBXFileReference; fileEncoding = 4; lastKnownFileType = sourcecode.c.objc; path = GFQuery.m; sourceTree = "<group>"; };
		AF2086481E44236100C99D0D /* PokeFinder-Bridging-Header.h */ = {isa = PBXFileReference; lastKnownFileType = sourcecode.c.h; path = "PokeFinder-Bridging-Header.h"; sourceTree = "<group>"; };
		AF2086491E4425DD00C99D0D /* GoogleService-Info.plist */ = {isa = PBXFileReference; fileEncoding = 4; lastKnownFileType = text.plist.xml; path = "GoogleService-Info.plist"; sourceTree = "<group>"; };
		AF20864D1E44281F00C99D0D /* PokeAnnotation.swift */ = {isa = PBXFileReference; fileEncoding = 4; lastKnownFileType = sourcecode.swift; path = PokeAnnotation.swift; sourceTree = "<group>"; };
		AF2BE61F1E283C7800D42A81 /* PokeFinder.app */ = {isa = PBXFileReference; explicitFileType = wrapper.application; includeInIndex = 0; path = PokeFinder.app; sourceTree = BUILT_PRODUCTS_DIR; };
		AF2BE6221E283C7800D42A81 /* AppDelegate.swift */ = {isa = PBXFileReference; lastKnownFileType = sourcecode.swift; path = AppDelegate.swift; sourceTree = "<group>"; };
		AF2BE6241E283C7800D42A81 /* ViewController.swift */ = {isa = PBXFileReference; lastKnownFileType = sourcecode.swift; path = ViewController.swift; sourceTree = "<group>"; };
		AF2BE6271E283C7800D42A81 /* Base */ = {isa = PBXFileReference; lastKnownFileType = file.storyboard; name = Base; path = Base.lproj/Main.storyboard; sourceTree = "<group>"; };
		AF2BE6291E283C7800D42A81 /* Assets.xcassets */ = {isa = PBXFileReference; lastKnownFileType = folder.assetcatalog; path = Assets.xcassets; sourceTree = "<group>"; };
		AF2BE62C1E283C7800D42A81 /* Base */ = {isa = PBXFileReference; lastKnownFileType = file.storyboard; name = Base; path = Base.lproj/LaunchScreen.storyboard; sourceTree = "<group>"; };
		AF2BE62E1E283C7800D42A81 /* Info.plist */ = {isa = PBXFileReference; lastKnownFileType = text.plist.xml; path = Info.plist; sourceTree = "<group>"; };
		E83CE00DC12E7DFAC2A77F67 /* Pods_PokeFinder.framework */ = {isa = PBXFileReference; explicitFileType = wrapper.framework; includeInIndex = 0; path = Pods_PokeFinder.framework; sourceTree = BUILT_PRODUCTS_DIR; };
/* End PBXFileReference section */

/* Begin PBXFrameworksBuildPhase section */
		AF2BE61C1E283C7800D42A81 /* Frameworks */ = {
			isa = PBXFrameworksBuildPhase;
			buildActionMask = 2147483647;
			files = (
				B1823E037AB5C2FB933FBB88 /* Pods_PokeFinder.framework in Frameworks */,
			);
			runOnlyForDeploymentPostprocessing = 0;
		};
/* End PBXFrameworksBuildPhase section */

/* Begin PBXGroup section */
		A5B198833BFF4E91DA317714 /* Pods */ = {
			isa = PBXGroup;
			children = (
				0136051C2604876905743CE2 /* Pods-PokeFinder.debug.xcconfig */,
				491D1E3F6AA5135423044A9B /* Pods-PokeFinder.release.xcconfig */,
			);
			name = Pods;
			sourceTree = "<group>";
		};
		AF20862E1E44227200C99D0D /* GeoFire */ = {
			isa = PBXGroup;
			children = (
				AF20862F1E44227200C99D0D /* API */,
				AF2086341E44227200C99D0D /* GeoFire-Prefix.pch */,
				AF2086351E44227200C99D0D /* Implementation */,
			);
			path = GeoFire;
			sourceTree = "<group>";
		};
		AF20862F1E44227200C99D0D /* API */ = {
			isa = PBXGroup;
			children = (
				AF2086301E44227200C99D0D /* GeoFire.h */,
				AF2086311E44227200C99D0D /* GFCircleQuery.h */,
				AF2086321E44227200C99D0D /* GFQuery.h */,
				AF2086331E44227200C99D0D /* GFRegionQuery.h */,
			);
			path = API;
			sourceTree = "<group>";
		};
		AF2086351E44227200C99D0D /* Implementation */ = {
			isa = PBXGroup;
			children = (
				AF2086361E44227200C99D0D /* GeoFire+Private.h */,
				AF2086371E44227200C99D0D /* GeoFire.m */,
				AF2086381E44227200C99D0D /* GFBase32Utils.h */,
				AF2086391E44227200C99D0D /* GFBase32Utils.m */,
				AF20863A1E44227200C99D0D /* GFGeoHash.h */,
				AF20863B1E44227200C99D0D /* GFGeoHash.m */,
				AF20863C1E44227200C99D0D /* GFGeoHashQuery.h */,
				AF20863D1E44227200C99D0D /* GFGeoHashQuery.m */,
				AF20863E1E44227200C99D0D /* GFQuery+Private.h */,
				AF20863F1E44227200C99D0D /* GFQuery.m */,
			);
			path = Implementation;
			sourceTree = "<group>";
		};
		AF20864B1E4427EE00C99D0D /* Controller */ = {
			isa = PBXGroup;
			children = (
				AF2BE6241E283C7800D42A81 /* ViewController.swift */,
			);
			name = Controller;
			sourceTree = "<group>";
		};
		AF20864C1E4427F500C99D0D /* Model */ = {
			isa = PBXGroup;
			children = (
				AF20864D1E44281F00C99D0D /* PokeAnnotation.swift */,
			);
			name = Model;
			sourceTree = "<group>";
		};
		AF2BE6161E283C7800D42A81 = {
			isa = PBXGroup;
			children = (
				AF2BE6211E283C7800D42A81 /* PokeFinder */,
				AF2BE6201E283C7800D42A81 /* Products */,
				A5B198833BFF4E91DA317714 /* Pods */,
				C2C6706882B5F080FE85CD44 /* Frameworks */,
			);
			sourceTree = "<group>";
		};
		AF2BE6201E283C7800D42A81 /* Products */ = {
			isa = PBXGroup;
			children = (
				AF2BE61F1E283C7800D42A81 /* PokeFinder.app */,
			);
			name = Products;
			sourceTree = "<group>";
		};
		AF2BE6211E283C7800D42A81 /* PokeFinder */ = {
			isa = PBXGroup;
			children = (
				AF20864C1E4427F500C99D0D /* Model */,
				AF20864B1E4427EE00C99D0D /* Controller */,
				AF20862E1E44227200C99D0D /* GeoFire */,
				AF2BE6221E283C7800D42A81 /* AppDelegate.swift */,
				AF2BE6261E283C7800D42A81 /* Main.storyboard */,
				AF2BE62B1E283C7800D42A81 /* LaunchScreen.storyboard */,
				AF2086481E44236100C99D0D /* PokeFinder-Bridging-Header.h */,
				AF2BE6291E283C7800D42A81 /* Assets.xcassets */,
				AF2BE62E1E283C7800D42A81 /* Info.plist */,
				AF2086491E4425DD00C99D0D /* GoogleService-Info.plist */,
			);
			path = PokeFinder;
			sourceTree = "<group>";
		};
		C2C6706882B5F080FE85CD44 /* Frameworks */ = {
			isa = PBXGroup;
			children = (
				E83CE00DC12E7DFAC2A77F67 /* Pods_PokeFinder.framework */,
			);
			name = Frameworks;
			sourceTree = "<group>";
		};
/* End PBXGroup section */

/* Begin PBXNativeTarget section */
		AF2BE61E1E283C7800D42A81 /* PokeFinder */ = {
			isa = PBXNativeTarget;
			buildConfigurationList = AF2BE6311E283C7800D42A81 /* Build configuration list for PBXNativeTarget "PokeFinder" */;
			buildPhases = (
				951FBE9BD83C258BDB717CC7 /* [CP] Check Pods Manifest.lock */,
				AF2BE61B1E283C7800D42A81 /* Sources */,
				AF2BE61C1E283C7800D42A81 /* Frameworks */,
				AF2BE61D1E283C7800D42A81 /* Resources */,
				375B7072E5865900690317CC /* [CP] Embed Pods Frameworks */,
				3AC8676C3F034AC49DDFDA7C /* [CP] Copy Pods Resources */,
			);
			buildRules = (
			);
			dependencies = (
			);
			name = PokeFinder;
			productName = PokeFinder;
			productReference = AF2BE61F1E283C7800D42A81 /* PokeFinder.app */;
			productType = "com.apple.product-type.application";
		};
/* End PBXNativeTarget section */

/* Begin PBXProject section */
		AF2BE6171E283C7800D42A81 /* Project object */ = {
			isa = PBXProject;
			attributes = {
				LastSwiftUpdateCheck = 0800;
				LastUpgradeCheck = 0800;
				ORGANIZATIONNAME = "Juan M Mariscal";
				TargetAttributes = {
					AF2BE61E1E283C7800D42A81 = {
						CreatedOnToolsVersion = 8.0;
						DevelopmentTeam = 37Y3Y57488;
						ProvisioningStyle = Automatic;
					};
				};
			};
			buildConfigurationList = AF2BE61A1E283C7800D42A81 /* Build configuration list for PBXProject "PokeFinder" */;
			compatibilityVersion = "Xcode 3.2";
			developmentRegion = English;
			hasScannedForEncodings = 0;
			knownRegions = (
				en,
				Base,
			);
			mainGroup = AF2BE6161E283C7800D42A81;
			productRefGroup = AF2BE6201E283C7800D42A81 /* Products */;
			projectDirPath = "";
			projectRoot = "";
			targets = (
				AF2BE61E1E283C7800D42A81 /* PokeFinder */,
			);
		};
/* End PBXProject section */

/* Begin PBXResourcesBuildPhase section */
		AF2BE61D1E283C7800D42A81 /* Resources */ = {
			isa = PBXResourcesBuildPhase;
			buildActionMask = 2147483647;
			files = (
				AF2BE62D1E283C7800D42A81 /* LaunchScreen.storyboard in Resources */,
				AF20864A1E4425DE00C99D0D /* GoogleService-Info.plist in Resources */,
				AF2BE62A1E283C7800D42A81 /* Assets.xcassets in Resources */,
				AF2BE6281E283C7800D42A81 /* Main.storyboard in Resources */,
			);
			runOnlyForDeploymentPostprocessing = 0;
		};
/* End PBXResourcesBuildPhase section */

/* Begin PBXShellScriptBuildPhase section */
		375B7072E5865900690317CC /* [CP] Embed Pods Frameworks */ = {
			isa = PBXShellScriptBuildPhase;
			buildActionMask = 2147483647;
			files = (
			);
			inputPaths = (
			);
			name = "[CP] Embed Pods Frameworks";
			outputPaths = (
			);
			runOnlyForDeploymentPostprocessing = 0;
			shellPath = /bin/sh;
			shellScript = "\"${SRCROOT}/Pods/Target Support Files/Pods-PokeFinder/Pods-PokeFinder-frameworks.sh\"\n";
			showEnvVarsInLog = 0;
		};
		3AC8676C3F034AC49DDFDA7C /* [CP] Copy Pods Resources */ = {
			isa = PBXShellScriptBuildPhase;
			buildActionMask = 2147483647;
			files = (
			);
			inputPaths = (
			);
			name = "[CP] Copy Pods Resources";
			outputPaths = (
			);
			runOnlyForDeploymentPostprocessing = 0;
			shellPath = /bin/sh;
			shellScript = "\"${SRCROOT}/Pods/Target Support Files/Pods-PokeFinder/Pods-PokeFinder-resources.sh\"\n";
			showEnvVarsInLog = 0;
		};
		951FBE9BD83C258BDB717CC7 /* [CP] Check Pods Manifest.lock */ = {
			isa = PBXShellScriptBuildPhase;
			buildActionMask = 2147483647;
			files = (
			);
			inputPaths = (
			);
			name = "[CP] Check Pods Manifest.lock";
			outputPaths = (
			);
			runOnlyForDeploymentPostprocessing = 0;
			shellPath = /bin/sh;
			shellScript = "diff \"${PODS_ROOT}/../Podfile.lock\" \"${PODS_ROOT}/Manifest.lock\" > /dev/null\nif [ $? != 0 ] ; then\n    # print error to STDERR\n    echo \"error: The sandbox is not in sync with the Podfile.lock. Run 'pod install' or update your CocoaPods installation.\" >&2\n    exit 1\nfi\n";
			showEnvVarsInLog = 0;
		};
/* End PBXShellScriptBuildPhase section */

/* Begin PBXSourcesBuildPhase section */
		AF2BE61B1E283C7800D42A81 /* Sources */ = {
			isa = PBXSourcesBuildPhase;
			buildActionMask = 2147483647;
			files = (
				AF2086411E44227200C99D0D /* GFBase32Utils.m in Sources */,
				AF20864E1E44281F00C99D0D /* PokeAnnotation.swift in Sources */,
				AF2BE6251E283C7800D42A81 /* ViewController.swift in Sources */,
				AF2086421E44227200C99D0D /* GFGeoHash.m in Sources */,
				AF2BE6231E283C7800D42A81 /* AppDelegate.swift in Sources */,
				AF2086401E44227200C99D0D /* GeoFire.m in Sources */,
				AF2086431E44227200C99D0D /* GFGeoHashQuery.m in Sources */,
				AF2086441E44227200C99D0D /* GFQuery.m in Sources */,
			);
			runOnlyForDeploymentPostprocessing = 0;
		};
/* End PBXSourcesBuildPhase section */

/* Begin PBXVariantGroup section */
		AF2BE6261E283C7800D42A81 /* Main.storyboard */ = {
			isa = PBXVariantGroup;
			children = (
				AF2BE6271E283C7800D42A81 /* Base */,
			);
			name = Main.storyboard;
			sourceTree = "<group>";
		};
		AF2BE62B1E283C7800D42A81 /* LaunchScreen.storyboard */ = {
			isa = PBXVariantGroup;
			children = (
				AF2BE62C1E283C7800D42A81 /* Base */,
			);
			name = LaunchScreen.storyboard;
			sourceTree = "<group>";
		};
/* End PBXVariantGroup section */

/* Begin XCBuildConfiguration section */
		AF2BE62F1E283C7800D42A81 /* Debug */ = {
			isa = XCBuildConfiguration;
			buildSettings = {
				ALWAYS_SEARCH_USER_PATHS = NO;
				CLANG_ANALYZER_NONNULL = YES;
				CLANG_CXX_LANGUAGE_STANDARD = "gnu++0x";
				CLANG_CXX_LIBRARY = "libc++";
				CLANG_ENABLE_MODULES = YES;
				CLANG_ENABLE_OBJC_ARC = YES;
				CLANG_WARN_BOOL_CONVERSION = YES;
				CLANG_WARN_CONSTANT_CONVERSION = YES;
				CLANG_WARN_DIRECT_OBJC_ISA_USAGE = YES_ERROR;
				CLANG_WARN_DOCUMENTATION_COMMENTS = YES;
				CLANG_WARN_EMPTY_BODY = YES;
				CLANG_WARN_ENUM_CONVERSION = YES;
				CLANG_WARN_INFINITE_RECURSION = YES;
				CLANG_WARN_INT_CONVERSION = YES;
				CLANG_WARN_OBJC_ROOT_CLASS = YES_ERROR;
				CLANG_WARN_SUSPICIOUS_MOVES = YES;
				CLANG_WARN_UNREACHABLE_CODE = YES;
				CLANG_WARN__DUPLICATE_METHOD_MATCH = YES;
				"CODE_SIGN_IDENTITY[sdk=iphoneos*]" = "iPhone Developer";
				COPY_PHASE_STRIP = NO;
				DEBUG_INFORMATION_FORMAT = dwarf;
				ENABLE_STRICT_OBJC_MSGSEND = YES;
				ENABLE_TESTABILITY = YES;
				GCC_C_LANGUAGE_STANDARD = gnu99;
				GCC_DYNAMIC_NO_PIC = NO;
				GCC_NO_COMMON_BLOCKS = YES;
				GCC_OPTIMIZATION_LEVEL = 0;
				GCC_PREPROCESSOR_DEFINITIONS = (
					"DEBUG=1",
					"$(inherited)",
				);
				GCC_WARN_64_TO_32_BIT_CONVERSION = YES;
				GCC_WARN_ABOUT_RETURN_TYPE = YES_ERROR;
				GCC_WARN_UNDECLARED_SELECTOR = YES;
				GCC_WARN_UNINITIALIZED_AUTOS = YES_AGGRESSIVE;
				GCC_WARN_UNUSED_FUNCTION = YES;
				GCC_WARN_UNUSED_VARIABLE = YES;
				IPHONEOS_DEPLOYMENT_TARGET = 10.0;
				MTL_ENABLE_DEBUG_INFO = YES;
				ONLY_ACTIVE_ARCH = YES;
				SDKROOT = iphoneos;
				SWIFT_ACTIVE_COMPILATION_CONDITIONS = DEBUG;
				SWIFT_OPTIMIZATION_LEVEL = "-Onone";
				TARGETED_DEVICE_FAMILY = "1,2";
			};
			name = Debug;
		};
		AF2BE6301E283C7800D42A81 /* Release */ = {
			isa = XCBuildConfiguration;
			buildSettings = {
				ALWAYS_SEARCH_USER_PATHS = NO;
				CLANG_ANALYZER_NONNULL = YES;
				CLANG_CXX_LANGUAGE_STANDARD = "gnu++0x";
				CLANG_CXX_LIBRARY = "libc++";
				CLANG_ENABLE_MODULES = YES;
				CLANG_ENABLE_OBJC_ARC = YES;
				CLANG_WARN_BOOL_CONVERSION = YES;
				CLANG_WARN_CONSTANT_CONVERSION = YES;
				CLANG_WARN_DIRECT_OBJC_ISA_USAGE = YES_ERROR;
				CLANG_WARN_DOCUMENTATION_COMMENTS = YES;
				CLANG_WARN_EMPTY_BODY = YES;
				CLANG_WARN_ENUM_CONVERSION = YES;
				CLANG_WARN_INFINITE_RECURSION = YES;
				CLANG_WARN_INT_CONVERSION = YES;
				CLANG_WARN_OBJC_ROOT_CLASS = YES_ERROR;
				CLANG_WARN_SUSPICIOUS_MOVES = YES;
				CLANG_WARN_UNREACHABLE_CODE = YES;
				CLANG_WARN__DUPLICATE_METHOD_MATCH = YES;
				"CODE_SIGN_IDENTITY[sdk=iphoneos*]" = "iPhone Developer";
				COPY_PHASE_STRIP = NO;
				DEBUG_INFORMATION_FORMAT = "dwarf-with-dsym";
				ENABLE_NS_ASSERTIONS = NO;
				ENABLE_STRICT_OBJC_MSGSEND = YES;
				GCC_C_LANGUAGE_STANDARD = gnu99;
				GCC_NO_COMMON_BLOCKS = YES;
				GCC_WARN_64_TO_32_BIT_CONVERSION = YES;
				GCC_WARN_ABOUT_RETURN_TYPE = YES_ERROR;
				GCC_WARN_UNDECLARED_SELECTOR = YES;
				GCC_WARN_UNINITIALIZED_AUTOS = YES_AGGRESSIVE;
				GCC_WARN_UNUSED_FUNCTION = YES;
				GCC_WARN_UNUSED_VARIABLE = YES;
				IPHONEOS_DEPLOYMENT_TARGET = 10.0;
				MTL_ENABLE_DEBUG_INFO = NO;
				SDKROOT = iphoneos;
				SWIFT_OPTIMIZATION_LEVEL = "-Owholemodule";
				TARGETED_DEVICE_FAMILY = "1,2";
				VALIDATE_PRODUCT = YES;
			};
			name = Release;
		};
		AF2BE6321E283C7800D42A81 /* Debug */ = {
			isa = XCBuildConfiguration;
			baseConfigurationReference = 0136051C2604876905743CE2 /* Pods-PokeFinder.debug.xcconfig */;
			buildSettings = {
				ASSETCATALOG_COMPILER_APPICON_NAME = AppIcon;
				DEVELOPMENT_TEAM = 37Y3Y57488;
				INFOPLIST_FILE = PokeFinder/Info.plist;
				LD_RUNPATH_SEARCH_PATHS = "$(inherited) @executable_path/Frameworks";
				PRODUCT_BUNDLE_IDENTIFIER = com.OrionAlliance.PokeFinder;
				PRODUCT_NAME = "$(TARGET_NAME)";
				SWIFT_OBJC_BRIDGING_HEADER = "PokeFinder/PokeFinder-Bridging-Header.h";
				SWIFT_VERSION = 3.0;
			};
			name = Debug;
		};
		AF2BE6331E283C7800D42A81 /* Release */ = {
			isa = XCBuildConfiguration;
			baseConfigurationReference = 491D1E3F6AA5135423044A9B /* Pods-PokeFinder.release.xcconfig */;
			buildSettings = {
				ASSETCATALOG_COMPILER_APPICON_NAME = AppIcon;
				DEVELOPMENT_TEAM = 37Y3Y57488;
				INFOPLIST_FILE = PokeFinder/Info.plist;
				LD_RUNPATH_SEARCH_PATHS = "$(inherited) @executable_path/Frameworks";
				PRODUCT_BUNDLE_IDENTIFIER = com.OrionAlliance.PokeFinder;
				PRODUCT_NAME = "$(TARGET_NAME)";
				SWIFT_OBJC_BRIDGING_HEADER = "PokeFinder/PokeFinder-Bridging-Header.h";
				SWIFT_VERSION = 3.0;
			};
			name = Release;
		};
/* End XCBuildConfiguration section */

/* Begin XCConfigurationList section */
		AF2BE61A1E283C7800D42A81 /* Build configuration list for PBXProject "PokeFinder" */ = {
			isa = XCConfigurationList;
			buildConfigurations = (
				AF2BE62F1E283C7800D42A81 /* Debug */,
				AF2BE6301E283C7800D42A81 /* Release */,
			);
			defaultConfigurationIsVisible = 0;
			defaultConfigurationName = Release;
		};
		AF2BE6311E283C7800D42A81 /* Build configuration list for PBXNativeTarget "PokeFinder" */ = {
			isa = XCConfigurationList;
			buildConfigurations = (
				AF2BE6321E283C7800D42A81 /* Debug */,
				AF2BE6331E283C7800D42A81 /* Release */,
			);
			defaultConfigurationIsVisible = 0;
			defaultConfigurationName = Release;
		};
/* End XCConfigurationList section */
	};
	rootObject = AF2BE6171E283C7800D42A81 /* Project object */;
}
